github.com/davecgh/go-spew v1.1.0/go.mod h1:J7Y8YcW2NihsgmVo/mv3lAwl/skON4iLHjSsI+c5H38=
github.com/golang/protobuf v1.2.0/go.mod h1:6lQm79b+lXiMfvg/cZm0SGofjICqVBUtrP5yJMmIC1U=
github.com/lyraproj/data-protobuf v0.0.0-20181217135414-3d508204b820/go.mod h1:oQIFBu0fmkiSpSRROEgK5gnjQ/ZDrx3UdpRpT3791Gg=
github.com/lyraproj/issue v0.0.0-20190213110846-64f0e861a560 h1:VVFwiMUrZe1a64kpEGzrPdeB6QzGEZTAVeo1OTOEWEk=
github.com/lyraproj/issue v0.0.0-20190213110846-64f0e861a560/go.mod h1:F3Zu9SjR6zROUIVdxgxuX0/Mi4npwgDRalQCNzCyzU0=
github.com/lyraproj/pcore v0.0.0-20190311223131-12c9f555a75d h1:fP2qWRLUlZQHHf6+cmD+V92k8Vs49ftjsrFgy0ixc40=
github.com/lyraproj/pcore v0.0.0-20190311223131-12c9f555a75d/go.mod h1:hKQkpsnpeamSKHIhhrKdhNAAViuZNfKYC3x0Drmra2w=
github.com/lyraproj/puppet-parser v0.0.0-20190220160521-d5f541fd6c57 h1:z84TqgQCPiltNpKV5LEld5U0dQ//w/uk3+4HakwvNWM=
github.com/lyraproj/puppet-parser v0.0.0-20190220160521-d5f541fd6c57/go.mod h1:KYBqLHpK7D2FNFp47m9BZfr6Xvd6PnEYOpI31aEGAX0=
github.com/lyraproj/semver v0.0.0-20181213164306-02ecea2cd6a2 h1:vb4PbiMtIXdhsOUinkkcqZiASDIZzXRhSG4yvNfE0tg=
github.com/lyraproj/semver v0.0.0-20181213164306-02ecea2cd6a2/go.mod h1:KOdZKnEBdDb2iGPUnHiKpk3M5cvv949xMyj8XPqaMF0=
github.com/pmezard/go-difflib v1.0.0/go.mod h1:iKH77koFhYxTK1pcRnkKkqfTogsbg7gZNVY4sRDYZ/4=
github.com/stretchr/objx v0.1.0/go.mod h1:HFkY916IF+rwdDfMAkV7OtwuqBVzrE8GR6GFx+wExME=
github.com/stretchr/testify v1.3.0/go.mod h1:M5WIy9Dh21IEIfnGCwXGc5bZfKNJtfHm1UVUgZn+9EI=
golang.org/x/sync v0.0.0-20190227155943-e225da77a7e6/go.mod h1:RxMgew5VJxzue5/jJTE5uejpjVlOe/izrB70Jof72aM=
gopkg.in/check.v1 v0.0.0-20161208181325-20d25e280405/go.mod h1:Co6ibVJAznAaIkqp8huTwlJQCZ016jof/cbN4VW5Yz0=
gopkg.in/yaml.v2 v2.2.2 h1:ZCJp+EgiOT7lHqUV2J862kp8Qj64Jo6az82+3Td9dZw=
gopkg.in/yaml.v2 v2.2.2/go.mod h1:hI93XBmqTisBFMUTm0b8Fm+jr3Dg1NNxqwp+5A1VGuI=
