github.com/golang/protobuf v1.2.0 h1:P3YflyNX/ehuJFLhxviNdFxQPkGK5cDcApsge1SqnvM=
github.com/golang/protobuf v1.2.0/go.mod h1:6lQm79b+lXiMfvg/cZm0SGofjICqVBUtrP5yJMmIC1U=
github.com/puppetlabs/data-protobuf v0.0.0-20180809162510-e2f18c438bd2 h1:qbPJGKINBsPm6I3m7FQNrSV0DKQYxnvMZDcaMHt76yA=
github.com/puppetlabs/data-protobuf v0.0.0-20180809162510-e2f18c438bd2/go.mod h1:4Tc6r/pJ4RLstEuT8FBgISZP1c1RzjyTZcIRzRncB2w=
github.com/puppetlabs/go-issues v0.0.0-20181112112915-c16bc8ecd50f h1:HKZK7Rk8LAmQqWagoWSBYvR8Oeu6mN7fTK1bMb24ZaE=
github.com/puppetlabs/go-issues v0.0.0-20181112112915-c16bc8ecd50f/go.mod h1:UNpBgsvFV8ZBoNkXo2YOrkWHA4sXoBmrDGw572x257U=
github.com/puppetlabs/go-parser v0.0.0-20181112114808-1a511bec0663 h1:4FT3SRKD1WDW+Zy/bM4hhdGa+C1GmfSpA2cKgrvPkNw=
github.com/puppetlabs/go-parser v0.0.0-20181112114808-1a511bec0663/go.mod h1:mzl9cu/FM5LiQqN3fdTCKolOH4YT9bmv1y3TB4SFJj8=
github.com/puppetlabs/go-semver v0.0.0-20181112101422-34eb86658f1c h1:ZzqxVdjOl6/NZeKsgckQYO682n2xTj2JGnDr6kstlo4=
github.com/puppetlabs/go-semver v0.0.0-20181112101422-34eb86658f1c/go.mod h1:mHMsrjAtYQ5mBpZ5z4RMRRkVzErA4fnTdrV/QH8UPdQ=
